
Microsoft Visual Studio Solution File, Format Version 12.00
# Visual Studio Version 17
VisualStudioVersion = 17.11.35303.130
MinimumVisualStudioVersion = 10.0.40219.1
Project("{2150E333-8FDC-42A3-9474-1A3956D46DE8}") = "Task0", "Task0", "{F246E7D0-BA8F-4762-B4FA-D2BBCA622C2D}"
EndProject
Project("{9A19103F-16F7-4668-BE54-9A1E7A4F7556}") = "Tyuiu.OsadetsAA.Sprint4.Task0.V2", "Tyuiu.OsadetsAA.Sprint4.Task0.V2\Tyuiu.OsadetsAA.Sprint4.Task0.V2.csproj", "{FE2BB5B4-73B6-42A7-9622-E133C779E8D4}"
EndProject
Project("{9A19103F-16F7-4668-BE54-9A1E7A4F7556}") = "Tyuiu.OsadetsAA.Sprint4.Task0.V2.Lib", "Tyuiu.OsadetsAA.Sprint4.Task0.V2.Lib\Tyuiu.OsadetsAA.Sprint4.Task0.V2.Lib.csproj", "{9C5A6966-5861-4E92-BEBA-1D0184F23306}"
EndProject
Project("{9A19103F-16F7-4668-BE54-9A1E7A4F7556}") = "Tyuiu.OsadetsAA.Sprint4.Task0.V2.Test", "Tyuiu.OsadetsAA.Sprint4.Task0.V2.Test\Tyuiu.OsadetsAA.Sprint4.Task0.V2.Test.csproj", "{DCB8D26D-0B9F-455A-9BE4-5F98E7461B69}"
EndProject
Project("{2150E333-8FDC-42A3-9474-1A3956D46DE8}") = "Task1", "Task1", "{71956822-07F8-448B-9566-4377E121D438}"
EndProject
Project("{9A19103F-16F7-4668-BE54-9A1E7A4F7556}") = "Tyuiu.OsadetsAA.Sprint4.Task1.V23", "Tyuiu.OsadetsAA.Sprint4.Task1.V23\Tyuiu.OsadetsAA.Sprint4.Task1.V23.csproj", "{F51A77CE-8629-438D-AD73-4DC7F60506A8}"
EndProject
Project("{9A19103F-16F7-4668-BE54-9A1E7A4F7556}") = "Tyuiu.OsadetsAA.Sprint4.Task1.V23.Lib", "Tyuiu.OsadetsAA.Sprint4.Task1.V23.Lib\Tyuiu.OsadetsAA.Sprint4.Task1.V23.Lib.csproj", "{F2D3C41F-2C2A-4AE7-AFA4-04373F290A17}"
EndProject
Project("{9A19103F-16F7-4668-BE54-9A1E7A4F7556}") = "Tyuiu.OsadetsAA.Sprint4.Task1.V23.Test", "Tyuiu.OsadetsAA.Sprint4.Task1.V23.Test\Tyuiu.OsadetsAA.Sprint4.Task1.V23.Test.csproj", "{01E000E2-EB22-4049-8285-3F9A955ABFE9}"
EndProject
Project("{2150E333-8FDC-42A3-9474-1A3956D46DE8}") = "Task2", "Task2", "{69FE15D3-D671-4DFC-8C54-0FB3FC80223B}"
EndProject
Project("{9A19103F-16F7-4668-BE54-9A1E7A4F7556}") = "Tyuiu.OsadetsAA.Sprint4.Task2.V26", "Tyuiu.OsadetsAA.Sprint4.Task2.V26\Tyuiu.OsadetsAA.Sprint4.Task2.V26.csproj", "{C3104CE3-040C-42D4-92A7-46C54770FA01}"
EndProject
Project("{9A19103F-16F7-4668-BE54-9A1E7A4F7556}") = "Tyuiu.OsadetsAA.Sprint4.Task2.V26.Lib", "Tyuiu.OsadetsAA.Sprint4.Task2.V26.Lib\Tyuiu.OsadetsAA.Sprint4.Task2.V26.Lib.csproj", "{3B999730-B020-4E8E-AD46-85B1B51B4BFF}"
EndProject
Project("{9A19103F-16F7-4668-BE54-9A1E7A4F7556}") = "Tyuiu.OsadetsAA.Sprint4.Task2.V26.Test", "Tyuiu.OsadetsAA.Sprint4.Task2.V26.Test\Tyuiu.OsadetsAA.Sprint4.Task2.V26.Test.csproj", "{8B34AE5B-BC61-4260-B715-CAF0D3D9CB76}"
EndProject
Project("{2150E333-8FDC-42A3-9474-1A3956D46DE8}") = "Task3", "Task3", "{A4BE6192-E7DE-4A10-A9E8-A8BA969DD646}"
EndProject
Project("{9A19103F-16F7-4668-BE54-9A1E7A4F7556}") = "Tyuiu.OsadetsAA.Sprint4.Task3.V20", "Tyuiu.OsadetsAA.Sprint4.Task3.V20\Tyuiu.OsadetsAA.Sprint4.Task3.V20.csproj", "{D4ABFB51-103B-4E29-9CAB-32D33E8D97B3}"
EndProject
Project("{9A19103F-16F7-4668-BE54-9A1E7A4F7556}") = "Tyuiu.OsadetsAA.Sprint4.Task3.V20.Lib", "Tyuiu.OsadetsAA.Sprint4.Task3.V20.Lib\Tyuiu.OsadetsAA.Sprint4.Task3.V20.Lib.csproj", "{ACD98912-F60C-49C8-81A1-065B474C26B1}"
EndProject
Project("{9A19103F-16F7-4668-BE54-9A1E7A4F7556}") = "Tyuiu.OsadetsAA.Sprint4.Task3.V20.Test", "Tyuiu.OsadetsAA.Sprint4.Task3.V20.Test\Tyuiu.OsadetsAA.Sprint4.Task3.V20.Test.csproj", "{DF44364A-B060-4B70-A38C-C147A2FDDECA}"
EndProject
Project("{2150E333-8FDC-42A3-9474-1A3956D46DE8}") = "Task4", "Task4", "{DB21359E-F026-4F51-BBBF-267EA651DA27}"
EndProject
Project("{FAE04EC0-301F-11D3-BF4B-00C04F79EFBC}") = "Tyuiu.OsadetsAA.Sprint4.Task4.V11", "Tyuiu.OsadetsAA.Sprint4.Task4.V11\Tyuiu.OsadetsAA.Sprint4.Task4.V11.csproj", "{B5D398E2-AE2E-4B80-8EC7-4B7217387058}"
EndProject
Project("{FAE04EC0-301F-11D3-BF4B-00C04F79EFBC}") = "Tyuiu.OsadetsAA.Sprint4.Task4.V11.Lib", "Tyuiu.OsadetsAA.Sprint4.Task4.V11.Lib\Tyuiu.OsadetsAA.Sprint4.Task4.V11.Lib.csproj", "{73624F77-0E60-4D6F-8E96-095C9C9A86A3}"
EndProject
Project("{FAE04EC0-301F-11D3-BF4B-00C04F79EFBC}") = "Tyuiu.OsadetsAA.Sprint4.Task4.V11.Test", "Tyuiu.OsadetsAA.Sprint4.Task4.V11.Test\Tyuiu.OsadetsAA.Sprint4.Task4.V11.Test.csproj", "{3A0B0270-471B-41EA-B399-CDBECBD3182B}"
EndProject
Project("{2150E333-8FDC-42A3-9474-1A3956D46DE8}") = "Task5", "Task5", "{EC5407A0-B9B6-4BD2-AB47-A177BC55C2EE}"
EndProject
Project("{FAE04EC0-301F-11D3-BF4B-00C04F79EFBC}") = "Tyuiu.OsadetsAA.Sprint4.Task5.V7", "Tyuiu.OsadetsAA.Sprint4.Task5.V7\Tyuiu.OsadetsAA.Sprint4.Task5.V7.csproj", "{F8247049-7690-4558-A65B-F97211556F0A}"
EndProject
Project("{FAE04EC0-301F-11D3-BF4B-00C04F79EFBC}") = "Tyuiu.OsadetsAA.Sprint4.Task5.V7.Lib", "Tyuiu.OsadetsAA.Sprint4.Task5.V7.Lib\Tyuiu.OsadetsAA.Sprint4.Task5.V7.Lib.csproj", "{F6A23FCA-BA28-4169-8B82-7ECC645AF4E4}"
EndProject
Project("{FAE04EC0-301F-11D3-BF4B-00C04F79EFBC}") = "Tyuiu.OsadetsAA.Sprint4.Task5.V7.Test", "Tyuiu.OsadetsAA.Sprint4.Task5.V7.Test\Tyuiu.OsadetsAA.Sprint4.Task5.V7.Test.csproj", "{679D5D20-2DE7-4132-9D4A-9A2297B2B5A6}"
EndProject
Global
	GlobalSection(SolutionConfigurationPlatforms) = preSolution
		Debug|Any CPU = Debug|Any CPU
		Release|Any CPU = Release|Any CPU
	EndGlobalSection
	GlobalSection(ProjectConfigurationPlatforms) = postSolution
		{FE2BB5B4-73B6-42A7-9622-E133C779E8D4}.Debug|Any CPU.ActiveCfg = Debug|Any CPU
		{FE2BB5B4-73B6-42A7-9622-E133C779E8D4}.Debug|Any CPU.Build.0 = Debug|Any CPU
		{FE2BB5B4-73B6-42A7-9622-E133C779E8D4}.Release|Any CPU.ActiveCfg = Release|Any CPU
		{FE2BB5B4-73B6-42A7-9622-E133C779E8D4}.Release|Any CPU.Build.0 = Release|Any CPU
		{9C5A6966-5861-4E92-BEBA-1D0184F23306}.Debug|Any CPU.ActiveCfg = Debug|Any CPU
		{9C5A6966-5861-4E92-BEBA-1D0184F23306}.Debug|Any CPU.Build.0 = Debug|Any CPU
		{9C5A6966-5861-4E92-BEBA-1D0184F23306}.Release|Any CPU.ActiveCfg = Release|Any CPU
		{9C5A6966-5861-4E92-BEBA-1D0184F23306}.Release|Any CPU.Build.0 = Release|Any CPU
		{DCB8D26D-0B9F-455A-9BE4-5F98E7461B69}.Debug|Any CPU.ActiveCfg = Debug|Any CPU
		{DCB8D26D-0B9F-455A-9BE4-5F98E7461B69}.Debug|Any CPU.Build.0 = Debug|Any CPU
		{DCB8D26D-0B9F-455A-9BE4-5F98E7461B69}.Release|Any CPU.ActiveCfg = Release|Any CPU
		{DCB8D26D-0B9F-455A-9BE4-5F98E7461B69}.Release|Any CPU.Build.0 = Release|Any CPU
		{F51A77CE-8629-438D-AD73-4DC7F60506A8}.Debug|Any CPU.ActiveCfg = Debug|Any CPU
		{F51A77CE-8629-438D-AD73-4DC7F60506A8}.Debug|Any CPU.Build.0 = Debug|Any CPU
		{F51A77CE-8629-438D-AD73-4DC7F60506A8}.Release|Any CPU.ActiveCfg = Release|Any CPU
		{F51A77CE-8629-438D-AD73-4DC7F60506A8}.Release|Any CPU.Build.0 = Release|Any CPU
		{F2D3C41F-2C2A-4AE7-AFA4-04373F290A17}.Debug|Any CPU.ActiveCfg = Debug|Any CPU
		{F2D3C41F-2C2A-4AE7-AFA4-04373F290A17}.Debug|Any CPU.Build.0 = Debug|Any CPU
		{F2D3C41F-2C2A-4AE7-AFA4-04373F290A17}.Release|Any CPU.ActiveCfg = Release|Any CPU
		{F2D3C41F-2C2A-4AE7-AFA4-04373F290A17}.Release|Any CPU.Build.0 = Release|Any CPU
		{01E000E2-EB22-4049-8285-3F9A955ABFE9}.Debug|Any CPU.ActiveCfg = Debug|Any CPU
		{01E000E2-EB22-4049-8285-3F9A955ABFE9}.Debug|Any CPU.Build.0 = Debug|Any CPU
		{01E000E2-EB22-4049-8285-3F9A955ABFE9}.Release|Any CPU.ActiveCfg = Release|Any CPU
		{01E000E2-EB22-4049-8285-3F9A955ABFE9}.Release|Any CPU.Build.0 = Release|Any CPU
		{C3104CE3-040C-42D4-92A7-46C54770FA01}.Debug|Any CPU.ActiveCfg = Debug|Any CPU
		{C3104CE3-040C-42D4-92A7-46C54770FA01}.Debug|Any CPU.Build.0 = Debug|Any CPU
		{C3104CE3-040C-42D4-92A7-46C54770FA01}.Release|Any CPU.ActiveCfg = Release|Any CPU
		{C3104CE3-040C-42D4-92A7-46C54770FA01}.Release|Any CPU.Build.0 = Release|Any CPU
		{3B999730-B020-4E8E-AD46-85B1B51B4BFF}.Debug|Any CPU.ActiveCfg = Debug|Any CPU
		{3B999730-B020-4E8E-AD46-85B1B51B4BFF}.Debug|Any CPU.Build.0 = Debug|Any CPU
		{3B999730-B020-4E8E-AD46-85B1B51B4BFF}.Release|Any CPU.ActiveCfg = Release|Any CPU
		{3B999730-B020-4E8E-AD46-85B1B51B4BFF}.Release|Any CPU.Build.0 = Release|Any CPU
		{8B34AE5B-BC61-4260-B715-CAF0D3D9CB76}.Debug|Any CPU.ActiveCfg = Debug|Any CPU
		{8B34AE5B-BC61-4260-B715-CAF0D3D9CB76}.Debug|Any CPU.Build.0 = Debug|Any CPU
		{8B34AE5B-BC61-4260-B715-CAF0D3D9CB76}.Release|Any CPU.ActiveCfg = Release|Any CPU
		{8B34AE5B-BC61-4260-B715-CAF0D3D9CB76}.Release|Any CPU.Build.0 = Release|Any CPU
		{D4ABFB51-103B-4E29-9CAB-32D33E8D97B3}.Debug|Any CPU.ActiveCfg = Debug|Any CPU
		{D4ABFB51-103B-4E29-9CAB-32D33E8D97B3}.Debug|Any CPU.Build.0 = Debug|Any CPU
		{D4ABFB51-103B-4E29-9CAB-32D33E8D97B3}.Release|Any CPU.ActiveCfg = Release|Any CPU
		{D4ABFB51-103B-4E29-9CAB-32D33E8D97B3}.Release|Any CPU.Build.0 = Release|Any CPU
		{ACD98912-F60C-49C8-81A1-065B474C26B1}.Debug|Any CPU.ActiveCfg = Debug|Any CPU
		{ACD98912-F60C-49C8-81A1-065B474C26B1}.Debug|Any CPU.Build.0 = Debug|Any CPU
		{ACD98912-F60C-49C8-81A1-065B474C26B1}.Release|Any CPU.ActiveCfg = Release|Any CPU
		{ACD98912-F60C-49C8-81A1-065B474C26B1}.Release|Any CPU.Build.0 = Release|Any CPU
		{DF44364A-B060-4B70-A38C-C147A2FDDECA}.Debug|Any CPU.ActiveCfg = Debug|Any CPU
		{DF44364A-B060-4B70-A38C-C147A2FDDECA}.Debug|Any CPU.Build.0 = Debug|Any CPU
		{DF44364A-B060-4B70-A38C-C147A2FDDECA}.Release|Any CPU.ActiveCfg = Release|Any CPU
		{DF44364A-B060-4B70-A38C-C147A2FDDECA}.Release|Any CPU.Build.0 = Release|Any CPU
		{B5D398E2-AE2E-4B80-8EC7-4B7217387058}.Debug|Any CPU.ActiveCfg = Debug|Any CPU
		{B5D398E2-AE2E-4B80-8EC7-4B7217387058}.Debug|Any CPU.Build.0 = Debug|Any CPU
		{B5D398E2-AE2E-4B80-8EC7-4B7217387058}.Release|Any CPU.ActiveCfg = Release|Any CPU
		{B5D398E2-AE2E-4B80-8EC7-4B7217387058}.Release|Any CPU.Build.0 = Release|Any CPU
		{73624F77-0E60-4D6F-8E96-095C9C9A86A3}.Debug|Any CPU.ActiveCfg = Debug|Any CPU
		{73624F77-0E60-4D6F-8E96-095C9C9A86A3}.Debug|Any CPU.Build.0 = Debug|Any CPU
		{73624F77-0E60-4D6F-8E96-095C9C9A86A3}.Release|Any CPU.ActiveCfg = Release|Any CPU
		{73624F77-0E60-4D6F-8E96-095C9C9A86A3}.Release|Any CPU.Build.0 = Release|Any CPU
		{3A0B0270-471B-41EA-B399-CDBECBD3182B}.Debug|Any CPU.ActiveCfg = Debug|Any CPU
		{3A0B0270-471B-41EA-B399-CDBECBD3182B}.Debug|Any CPU.Build.0 = Debug|Any CPU
		{3A0B0270-471B-41EA-B399-CDBECBD3182B}.Release|Any CPU.ActiveCfg = Release|Any CPU
		{3A0B0270-471B-41EA-B399-CDBECBD3182B}.Release|Any CPU.Build.0 = Release|Any CPU
		{F8247049-7690-4558-A65B-F97211556F0A}.Debug|Any CPU.ActiveCfg = Debug|Any CPU
		{F8247049-7690-4558-A65B-F97211556F0A}.Debug|Any CPU.Build.0 = Debug|Any CPU
		{F8247049-7690-4558-A65B-F97211556F0A}.Release|Any CPU.ActiveCfg = Release|Any CPU
		{F8247049-7690-4558-A65B-F97211556F0A}.Release|Any CPU.Build.0 = Release|Any CPU
		{F6A23FCA-BA28-4169-8B82-7ECC645AF4E4}.Debug|Any CPU.ActiveCfg = Debug|Any CPU
		{F6A23FCA-BA28-4169-8B82-7ECC645AF4E4}.Debug|Any CPU.Build.0 = Debug|Any CPU
		{F6A23FCA-BA28-4169-8B82-7ECC645AF4E4}.Release|Any CPU.ActiveCfg = Release|Any CPU
		{F6A23FCA-BA28-4169-8B82-7ECC645AF4E4}.Release|Any CPU.Build.0 = Release|Any CPU
		{679D5D20-2DE7-4132-9D4A-9A2297B2B5A6}.Debug|Any CPU.ActiveCfg = Debug|Any CPU
		{679D5D20-2DE7-4132-9D4A-9A2297B2B5A6}.Debug|Any CPU.Build.0 = Debug|Any CPU
		{679D5D20-2DE7-4132-9D4A-9A2297B2B5A6}.Release|Any CPU.ActiveCfg = Release|Any CPU
		{679D5D20-2DE7-4132-9D4A-9A2297B2B5A6}.Release|Any CPU.Build.0 = Release|Any CPU
	EndGlobalSection
	GlobalSection(SolutionProperties) = preSolution
		HideSolutionNode = FALSE
	EndGlobalSection
	GlobalSection(NestedProjects) = preSolution
		{FE2BB5B4-73B6-42A7-9622-E133C779E8D4} = {F246E7D0-BA8F-4762-B4FA-D2BBCA622C2D}
		{9C5A6966-5861-4E92-BEBA-1D0184F23306} = {F246E7D0-BA8F-4762-B4FA-D2BBCA622C2D}
		{DCB8D26D-0B9F-455A-9BE4-5F98E7461B69} = {F246E7D0-BA8F-4762-B4FA-D2BBCA622C2D}
		{F51A77CE-8629-438D-AD73-4DC7F60506A8} = {71956822-07F8-448B-9566-4377E121D438}
		{F2D3C41F-2C2A-4AE7-AFA4-04373F290A17} = {71956822-07F8-448B-9566-4377E121D438}
		{01E000E2-EB22-4049-8285-3F9A955ABFE9} = {71956822-07F8-448B-9566-4377E121D438}
		{C3104CE3-040C-42D4-92A7-46C54770FA01} = {69FE15D3-D671-4DFC-8C54-0FB3FC80223B}
		{3B999730-B020-4E8E-AD46-85B1B51B4BFF} = {69FE15D3-D671-4DFC-8C54-0FB3FC80223B}
		{8B34AE5B-BC61-4260-B715-CAF0D3D9CB76} = {69FE15D3-D671-4DFC-8C54-0FB3FC80223B}
		{D4ABFB51-103B-4E29-9CAB-32D33E8D97B3} = {A4BE6192-E7DE-4A10-A9E8-A8BA969DD646}
		{ACD98912-F60C-49C8-81A1-065B474C26B1} = {A4BE6192-E7DE-4A10-A9E8-A8BA969DD646}
		{DF44364A-B060-4B70-A38C-C147A2FDDECA} = {A4BE6192-E7DE-4A10-A9E8-A8BA969DD646}
		{B5D398E2-AE2E-4B80-8EC7-4B7217387058} = {DB21359E-F026-4F51-BBBF-267EA651DA27}
		{73624F77-0E60-4D6F-8E96-095C9C9A86A3} = {DB21359E-F026-4F51-BBBF-267EA651DA27}
		{3A0B0270-471B-41EA-B399-CDBECBD3182B} = {DB21359E-F026-4F51-BBBF-267EA651DA27}
		{F8247049-7690-4558-A65B-F97211556F0A} = {EC5407A0-B9B6-4BD2-AB47-A177BC55C2EE}
		{F6A23FCA-BA28-4169-8B82-7ECC645AF4E4} = {EC5407A0-B9B6-4BD2-AB47-A177BC55C2EE}
		{679D5D20-2DE7-4132-9D4A-9A2297B2B5A6} = {EC5407A0-B9B6-4BD2-AB47-A177BC55C2EE}
	EndGlobalSection
	GlobalSection(ExtensibilityGlobals) = postSolution
		SolutionGuid = {1BE0B4AD-3621-4ACD-B263-750ABD8DF1F6}
	EndGlobalSection
EndGlobal
